
Microsoft Visual Studio Solution File, Format Version 12.00
# Visual Studio 15
VisualStudioVersion = 15.0.28307.1525
MinimumVisualStudioVersion = 10.0.40219.1
Project("{FAE04EC0-301F-11D3-BF4B-00C04F79EFBC}") = "Versión usuarios", "WindowsFormsApp10\Versión usuarios.csproj", "{A84CB70B-EF73-4CEB-8BE1-39270BADD28A}"
EndProject
Global
	GlobalSection(SolutionConfigurationPlatforms) = preSolution
		Debug|Any CPU = Debug|Any CPU
		Debug|x64 = Debug|x64
		Release|Any CPU = Release|Any CPU
		Release|x64 = Release|x64
	EndGlobalSection
	GlobalSection(ProjectConfigurationPlatforms) = postSolution
		{A84CB70B-EF73-4CEB-8BE1-39270BADD28A}.Debug|Any CPU.ActiveCfg = Debug|Any CPU
		{A84CB70B-EF73-4CEB-8BE1-39270BADD28A}.Debug|Any CPU.Build.0 = Debug|Any CPU
		{A84CB70B-EF73-4CEB-8BE1-39270BADD28A}.Debug|x64.ActiveCfg = Debug|x64
		{A84CB70B-EF73-4CEB-8BE1-39270BADD28A}.Debug|x64.Build.0 = Debug|x64
		{A84CB70B-EF73-4CEB-8BE1-39270BADD28A}.Release|Any CPU.ActiveCfg = Release|Any CPU
		{A84CB70B-EF73-4CEB-8BE1-39270BADD28A}.Release|Any CPU.Build.0 = Release|Any CPU
		{A84CB70B-EF73-4CEB-8BE1-39270BADD28A}.Release|x64.ActiveCfg = Release|x64
		{A84CB70B-EF73-4CEB-8BE1-39270BADD28A}.Release|x64.Build.0 = Release|x64
	EndGlobalSection
	GlobalSection(SolutionProperties) = preSolution
		HideSolutionNode = FALSE
	EndGlobalSection
	GlobalSection(ExtensibilityGlobals) = postSolution
		SolutionGuid = {43997E86-724B-4E14-A2DF-D73F7C252D14}
	EndGlobalSection
EndGlobal
